<?xml version="1.0" encoding="utf-8"?>
<Project ToolsVersion="4.0" xmlns="http://schemas.microsoft.com/developer/msbuild/2003">
  <ItemGroup>
    <Filter Include="Source Files">
      <UniqueIdentifier>{4FC737F1-C7A5-4376-A066-2A32D752A2FF}</UniqueIdentifier>
      <Extensions>cpp;c;cc;cxx;c++;cppm;ixx;def;odl;idl;hpj;bat;asm;asmx</Extensions>
    </Filter>
    <Filter Include="Header Files">
      <UniqueIdentifier>{93995380-89BD-4b04-88EB-625FBE52EBFB}</UniqueIdentifier>
      <Extensions>h;hh;hpp;hxx;h++;hm;inl;inc;ipp;xsd</Extensions>
    </Filter>
    <Filter Include="Resource Files">
      <UniqueIdentifier>{67DA6AB6-F800-4c08-8B7A-83BB121AAD01}</UniqueIdentifier>
      <Extensions>rc;ico;cur;bmp;dlg;rc2;rct;bin;rgs;gif;jpg;jpeg;jpe;resx;tiff;tif;png;wav;mfcribbon-ms</Extensions>
    </Filter>
    <Filter Include="Source Files\Metric">
      <UniqueIdentifier>{3330aa55-554c-4577-8fd7-ec5743c8a579}</UniqueIdentifier>
    </Filter>
    <Filter Include="Header Files\Metric">
      <UniqueIdentifier>{8d9ada03-7a5e-4f64-ba43-565cd43345f4}</UniqueIdentifier>
    </Filter>
    <Filter Include="Source Files\Parser">
      <UniqueIdentifier>{f46ee7aa-3ecb-457c-94ef-18d518908b0d}</UniqueIdentifier>
    </Filter>
    <Filter Include="Header Files\Parser">
      <UniqueIdentifier>{8886340e-cbf6-498c-932b-99a59d8263aa}</UniqueIdentifier>
    </Filter>
  </ItemGroup>
  <ItemGroup>
    <ClCompile Include="main.cpp">
      <Filter>Source Files</Filter>
    </ClCompile>
    <ClCompile Include="Puller.cpp">
      <Filter>Source Files</Filter>
    </ClCompile>
    <ClCompile Include="Stock.cpp">
      <Filter>Source Files</Filter>
    </ClCompile>
    <ClCompile Include="IncomeStatement.cpp">
      <Filter>Source Files</Filter>
    </ClCompile>
    <ClCompile Include="BalanceSheet.cpp">
      <Filter>Source Files</Filter>
    </ClCompile>
    <ClCompile Include="CashFlow.cpp">
      <Filter>Source Files</Filter>
    </ClCompile>
    <ClCompile Include="Scorer.cpp">
      <Filter>Source Files</Filter>
    </ClCompile>
    <ClCompile Include="Metric\GrossProfitMargin_SY.cpp">
      <Filter>Source Files\Metric</Filter>
    </ClCompile>
    <ClCompile Include="Metric\SGA_SY.cpp">
      <Filter>Source Files\Metric</Filter>
    </ClCompile>
    <ClCompile Include="Metric\OperatingExpenses_MY.cpp">
      <Filter>Source Files\Metric</Filter>
    </ClCompile>
    <ClCompile Include="Metric\SGA_MY.cpp">
      <Filter>Source Files\Metric</Filter>
    </ClCompile>
    <ClCompile Include="Metric\DebtRatio_SY.cpp">
      <Filter>Source Files\Metric</Filter>
    </ClCompile>
    <ClCompile Include="Metric\DebtRatio_MY.cpp">
      <Filter>Source Files\Metric</Filter>
    </ClCompile>
    <ClCompile Include="Metric\SellingAndBuyingStock_MY.cpp">
      <Filter>Source Files\Metric</Filter>
    </ClCompile>
    <ClCompile Include="Metric\CapexMargin_MY.cpp">
      <Filter>Source Files\Metric</Filter>
    </ClCompile>
    <ClCompile Include="Metric\CapexMargin_SY.cpp">
      <Filter>Source Files\Metric</Filter>
    </ClCompile>
    <ClCompile Include="Metric\RND_SY.cpp">
      <Filter>Source Files\Metric</Filter>
    </ClCompile>
    <ClCompile Include="Metric\RND_MY.cpp">
      <Filter>Source Files\Metric</Filter>
    </ClCompile>
    <ClCompile Include="Metric\Depreciation_SY.cpp">
      <Filter>Source Files\Metric</Filter>
    </ClCompile>
    <ClCompile Include="Metric\Depreciation_MY.cpp">
      <Filter>Source Files\Metric</Filter>
    </ClCompile>
    <ClCompile Include="Metric\InterestExpense_SY.cpp">
      <Filter>Source Files\Metric</Filter>
    </ClCompile>
    <ClCompile Include="Metric\InterestExpense_MY.cpp">
      <Filter>Source Files\Metric</Filter>
    </ClCompile>
    <ClCompile Include="Metric\NetEarnings_MY.cpp">
      <Filter>Source Files\Metric</Filter>
    </ClCompile>
    <ClCompile Include="Metric\NetEarningsOverRevenue_MY.cpp">
      <Filter>Source Files\Metric</Filter>
    </ClCompile>
    <ClCompile Include="Metric\NegativeEarnings_MY.cpp">
      <Filter>Source Files\Metric</Filter>
    </ClCompile>
    <ClCompile Include="Metric\EarningsGrowth_MY.cpp">
      <Filter>Source Files\Metric</Filter>
    </ClCompile>
    <ClCompile Include="Metric\TotalInventory_MY.cpp">
      <Filter>Source Files\Metric</Filter>
    </ClCompile>
    <ClCompile Include="Metric\TotalReceivablesOverRevenue_MY.cpp">
      <Filter>Source Files\Metric</Filter>
    </ClCompile>
    <ClCompile Include="Metric\TotalCurrentRatio_SY.cpp">
      <Filter>Source Files\Metric</Filter>
    </ClCompile>
    <ClCompile Include="Metric\TotalCurrentRatio_MY.cpp">
      <Filter>Source Files\Metric</Filter>
    </ClCompile>
    <ClCompile Include="Metric\PPEDebtRatio_SY.cpp">
      <Filter>Source Files\Metric</Filter>
    </ClCompile>
    <ClCompile Include="Metric\PPEDebtRatio_MY.cpp">
      <Filter>Source Files\Metric</Filter>
    </ClCompile>
    <ClCompile Include="Parser\CLIParser.cpp">
      <Filter>Source Files\Parser</Filter>
    </ClCompile>
    <ClCompile Include="Metric\Goodwill_MY.cpp">
      <Filter>Source Files\Metric</Filter>
    </ClCompile>
    <ClCompile Include="Parser\ParseMetricCmd.cpp">
      <Filter>Source Files\Parser</Filter>
    </ClCompile>
    <ClCompile Include="Metric\ReturnOnTotalAsset_SY.cpp">
      <Filter>Source Files\Metric</Filter>
    </ClCompile>
    <ClCompile Include="Metric\ReturnOnTotalAsset_MY.cpp">
      <Filter>Source Files\Metric</Filter>
    </ClCompile>
  </ItemGroup>
  <ItemGroup>
    <ClInclude Include="..\Header\Puller.h">
      <Filter>Header Files</Filter>
    </ClInclude>
    <ClInclude Include="..\Header\Interval.h">
      <Filter>Header Files</Filter>
    </ClInclude>
    <ClInclude Include="..\Header\Stock.h">
      <Filter>Header Files</Filter>
    </ClInclude>
    <ClInclude Include="..\Header\IncomeStatement.h">
      <Filter>Header Files</Filter>
    </ClInclude>
    <ClInclude Include="..\Header\BalanceSheet.h">
      <Filter>Header Files</Filter>
    </ClInclude>
    <ClInclude Include="..\Header\CashFlow.h">
      <Filter>Header Files</Filter>
    </ClInclude>
    <ClInclude Include="..\Header\Statements.h">
      <Filter>Header Files</Filter>
    </ClInclude>
    <ClInclude Include="..\Header\StockUtils.h">
      <Filter>Header Files</Filter>
    </ClInclude>
    <ClInclude Include="..\Header\ScorerUtils.h">
      <Filter>Header Files</Filter>
    </ClInclude>
    <ClInclude Include="..\Header\Scorer.h">
      <Filter>Header Files</Filter>
    </ClInclude>
    <ClInclude Include="..\Header\Metric\GrossProfitMargin_SY.h">
      <Filter>Header Files\Metric</Filter>
    </ClInclude>
    <ClInclude Include="..\Header\Metric\MetricSY.h">
      <Filter>Header Files\Metric</Filter>
    </ClInclude>
    <ClInclude Include="..\Header\Metric\MetricMY.h">
      <Filter>Header Files\Metric</Filter>
    </ClInclude>
    <ClInclude Include="..\Header\Metric\Metric.h">
      <Filter>Header Files\Metric</Filter>
    </ClInclude>
    <ClInclude Include="..\Header\Metric\SGA_SY.h">
      <Filter>Header Files\Metric</Filter>
    </ClInclude>
    <ClInclude Include="..\Header\Metric\OperatingExpenses_MY.h">
      <Filter>Header Files\Metric</Filter>
    </ClInclude>
    <ClInclude Include="..\Header\Metric\SGA_MY.h">
      <Filter>Header Files\Metric</Filter>
    </ClInclude>
    <ClInclude Include="..\Header\Metric\DebtRatio_SY.h">
      <Filter>Header Files\Metric</Filter>
    </ClInclude>
    <ClInclude Include="..\Header\Metric\DebtRatio_MY.h">
      <Filter>Header Files\Metric</Filter>
    </ClInclude>
    <ClInclude Include="..\Header\Metric\SellingAndBuyingStock_MY.h">
      <Filter>Header Files\Metric</Filter>
    </ClInclude>
    <ClInclude Include="..\Header\Metric\CapexMargin_SY.h">
      <Filter>Header Files\Metric</Filter>
    </ClInclude>
    <ClInclude Include="..\Header\Metric\CapexMargin_MY.h">
      <Filter>Header Files\Metric</Filter>
    </ClInclude>
    <ClInclude Include="..\Header\Metric\RND_SY.h">
      <Filter>Header Files\Metric</Filter>
    </ClInclude>
    <ClInclude Include="..\Header\Metric\RND_MY.h">
      <Filter>Header Files\Metric</Filter>
    </ClInclude>
    <ClInclude Include="..\Header\Metric\Depreciation_MY.h">
      <Filter>Header Files\Metric</Filter>
    </ClInclude>
    <ClInclude Include="..\Header\Metric\Depreciation_SY.h">
      <Filter>Header Files\Metric</Filter>
    </ClInclude>
    <ClInclude Include="..\Header\Metric\InterestExpense_SY.h">
      <Filter>Header Files\Metric</Filter>
    </ClInclude>
    <ClInclude Include="..\Header\Metric\InterestExpense_MY.h">
      <Filter>Header Files\Metric</Filter>
    </ClInclude>
    <ClInclude Include="..\Header\Metric\NetEarnings_MY.h">
      <Filter>Header Files\Metric</Filter>
    </ClInclude>
    <ClInclude Include="..\Header\Metric\NetEarningsOverRevenue_MY.h">
      <Filter>Header Files\Metric</Filter>
    </ClInclude>
    <ClInclude Include="..\Header\Metric\NegativeEarnings_MY.h">
      <Filter>Header Files\Metric</Filter>
    </ClInclude>
    <ClInclude Include="..\Header\Metric\EarningsGrowth_MY.h">
      <Filter>Header Files\Metric</Filter>
    </ClInclude>
    <ClInclude Include="..\Header\Metric\TotalInventory_MY.h">
      <Filter>Header Files\Metric</Filter>
    </ClInclude>
    <ClInclude Include="..\Header\Metric\TotalReceivablesOverRevenue_MY.h">
      <Filter>Header Files\Metric</Filter>
    </ClInclude>
    <ClInclude Include="..\Header\FAException.h">
      <Filter>Header Files</Filter>
    </ClInclude>
    <ClInclude Include="..\Header\InputException.h">
      <Filter>Header Files</Filter>
    </ClInclude>
    <ClInclude Include="..\Header\ParserException.h">
      <Filter>Header Files</Filter>
    </ClInclude>
    <ClInclude Include="..\Header\Metric\TotalCurrentRatio_MY.h">
      <Filter>Header Files\Metric</Filter>
    </ClInclude>
    <ClInclude Include="..\Header\Metric\TotalCurrentRatio_SY.h">
      <Filter>Header Files\Metric</Filter>
    </ClInclude>
    <ClInclude Include="..\Header\Metric\PPEDebtRatio_SY.h">
      <Filter>Header Files\Metric</Filter>
    </ClInclude>
    <ClInclude Include="..\Header\Metric\PPEDebtRatio_MY.h">
      <Filter>Header Files\Metric</Filter>
    </ClInclude>
    <ClInclude Include="..\Header\Metric\Goodwill_MY.h">
      <Filter>Header Files\Metric</Filter>
    </ClInclude>
    <ClInclude Include="..\Header\Parser\CLIParser.h">
      <Filter>Header Files\Parser</Filter>
    </ClInclude>
    <ClInclude Include="..\Header\Parser\ParserUtils.h">
      <Filter>Header Files\Parser</Filter>
    </ClInclude>
    <ClInclude Include="..\Header\Parser\Commands.h">
      <Filter>Header Files\Parser</Filter>
    </ClInclude>
    <ClInclude Include="..\Header\Parser\ParseMetricCmd.h">
      <Filter>Header Files\Parser</Filter>
    </ClInclude>
    <ClInclude Include="..\Header\Metric\ReturnOnTotalAsset_SY.h">
      <Filter>Header Files\Metric</Filter>
    </ClInclude>
    <ClInclude Include="..\Header\Metric\ReturnOnTotalAsset_MY.h">
      <Filter>Header Files\Metric</Filter>
    </ClInclude>
  </ItemGroup>
  <ItemGroup>
    <None Include="packages.config" />
  </ItemGroup>
</Project>